
Microsoft Visual Studio Solution File, Format Version 12.00
# Visual Studio Version 16
VisualStudioVersion = 16.0.30114.105
MinimumVisualStudioVersion = 10.0.40219.1
Project("{FAE04EC0-301F-11D3-BF4B-00C04F79EFBC}") = "WebView2CompositionTest", "WebView2CompositionTest\WebView2CompositionTest.csproj", "{13AC143D-07A2-44A5-B771-74543AC61F3B}"
EndProject
Global
	GlobalSection(SolutionConfigurationPlatforms) = preSolution
		Debug|Any CPU = Debug|Any CPU
		Release|Any CPU = Release|Any CPU
	EndGlobalSection
	GlobalSection(ProjectConfigurationPlatforms) = postSolution
		{13AC143D-07A2-44A5-B771-74543AC61F3B}.Debug|Any CPU.ActiveCfg = Debug|Any CPU
		{13AC143D-07A2-44A5-B771-74543AC61F3B}.Debug|Any CPU.Build.0 = Debug|Any CPU
		{13AC143D-07A2-44A5-B771-74543AC61F3B}.Release|Any CPU.ActiveCfg = Release|Any CPU
		{13AC143D-07A2-44A5-B771-74543AC61F3B}.Release|Any CPU.Build.0 = Release|Any CPU
	EndGlobalSection
	GlobalSection(SolutionProperties) = preSolution
		HideSolutionNode = FALSE
	EndGlobalSection
	GlobalSection(ExtensibilityGlobals) = postSolution
		SolutionGuid = {A4F7FD37-399A-4A3A-BB95-C8567EAE6217}
	EndGlobalSection
EndGlobal
